
Microsoft Visual Studio Solution File, Format Version 12.00
# Visual Studio Version 17
VisualStudioVersion = 17.14.36603.0 d17.14
MinimumVisualStudioVersion = 10.0.40219.1
Project("{FAE04EC0-301F-11D3-BF4B-00C04F79EFBC}") = "JogoRpg", "JogoRpg\JogoRpg.csproj", "{28557718-11CC-4885-9A77-6D0521BE8C54}"
EndProject
Global
	GlobalSection(SolutionConfigurationPlatforms) = preSolution
		Debug|Any CPU = Debug|Any CPU
		Release|Any CPU = Release|Any CPU
	EndGlobalSection
	GlobalSection(ProjectConfigurationPlatforms) = postSolution
		{28557718-11CC-4885-9A77-6D0521BE8C54}.Debug|Any CPU.ActiveCfg = Debug|Any CPU
		{28557718-11CC-4885-9A77-6D0521BE8C54}.Debug|Any CPU.Build.0 = Debug|Any CPU
		{28557718-11CC-4885-9A77-6D0521BE8C54}.Release|Any CPU.ActiveCfg = Release|Any CPU
		{28557718-11CC-4885-9A77-6D0521BE8C54}.Release|Any CPU.Build.0 = Release|Any CPU
	EndGlobalSection
	GlobalSection(SolutionProperties) = preSolution
		HideSolutionNode = FALSE
	EndGlobalSection
	GlobalSection(ExtensibilityGlobals) = postSolution
		SolutionGuid = {2290EE45-4A7F-4D8A-BEC0-6566E5FBA204}
	EndGlobalSection
EndGlobal
